
Microsoft Visual Studio Solution File, Format Version 12.00
# Visual Studio Version 16
VisualStudioVersion = 16.0.30011.22
MinimumVisualStudioVersion = 10.0.40219.1
Project("{FAE04EC0-301F-11D3-BF4B-00C04F79EFBC}") = "Tetris", "Tetris\Tetris.csproj", "{6C0B46D7-2BAA-42E9-AD24-F43A6726E51A}"
EndProject
Global
	GlobalSection(SolutionConfigurationPlatforms) = preSolution
		Debug|Any CPU = Debug|Any CPU
		Release|Any CPU = Release|Any CPU
	EndGlobalSection
	GlobalSection(ProjectConfigurationPlatforms) = postSolution
		{6C0B46D7-2BAA-42E9-AD24-F43A6726E51A}.Debug|Any CPU.ActiveCfg = Debug|Any CPU
		{6C0B46D7-2BAA-42E9-AD24-F43A6726E51A}.Debug|Any CPU.Build.0 = Debug|Any CPU
		{6C0B46D7-2BAA-42E9-AD24-F43A6726E51A}.Release|Any CPU.ActiveCfg = Release|Any CPU
		{6C0B46D7-2BAA-42E9-AD24-F43A6726E51A}.Release|Any CPU.Build.0 = Release|Any CPU
	EndGlobalSection
	GlobalSection(SolutionProperties) = preSolution
		HideSolutionNode = FALSE
	EndGlobalSection
	GlobalSection(ExtensibilityGlobals) = postSolution
		SolutionGuid = {00EA0137-9750-4FFF-BD47-B8A510796D43}
	EndGlobalSection
EndGlobal
